// !$*UTF8*$!
{
	archiveVersion = 1;
	classes = {
	};
	objectVersion = 46;
	objects = {

/* Begin PBXBuildFile section */
		AA3427D2142CE92F009524C6 /* UIKit.framework in Frameworks */ = {isa = PBXBuildFile; fileRef = AA3427D1142CE92F009524C6 /* UIKit.framework */; };
		AA3427D4142CE92F009524C6 /* Foundation.framework in Frameworks */ = {isa = PBXBuildFile; fileRef = AA3427D3142CE92F009524C6 /* Foundation.framework */; };
		AA3427D6142CE92F009524C6 /* CoreGraphics.framework in Frameworks */ = {isa = PBXBuildFile; fileRef = AA3427D5142CE92F009524C6 /* CoreGraphics.framework */; };
		AA3427DC142CE92F009524C6 /* InfoPlist.strings in Resources */ = {isa = PBXBuildFile; fileRef = AA3427DA142CE92F009524C6 /* InfoPlist.strings */; };
		AA3427DE142CE92F009524C6 /* main.m in Sources */ = {isa = PBXBuildFile; fileRef = AA3427DD142CE92F009524C6 /* main.m */; };
		AA3427E2142CE92F009524C6 /* FTAppDelegate.m in Sources */ = {isa = PBXBuildFile; fileRef = AA3427E1142CE92F009524C6 /* FTAppDelegate.m */; };
		AA3427E5142CE92F009524C6 /* MainStoryboard.storyboard in Resources */ = {isa = PBXBuildFile; fileRef = AA3427E3142CE92F009524C6 /* MainStoryboard.storyboard */; };
		AA3427E8142CE92F009524C6 /* FTFirstViewController.m in Sources */ = {isa = PBXBuildFile; fileRef = AA3427E7142CE92F009524C6 /* FTFirstViewController.m */; };
		AA3427EA142CE92F009524C6 /* first.png in Resources */ = {isa = PBXBuildFile; fileRef = AA3427E9142CE92F009524C6 /* first.png */; };
		AA3427EC142CE92F009524C6 /* first@2x.png in Resources */ = {isa = PBXBuildFile; fileRef = AA3427EB142CE92F009524C6 /* first@2x.png */; };
		AA3427EF142CE92F009524C6 /* FTSecondViewController.m in Sources */ = {isa = PBXBuildFile; fileRef = AA3427EE142CE92F009524C6 /* FTSecondViewController.m */; };
		AA3427F1142CE92F009524C6 /* second.png in Resources */ = {isa = PBXBuildFile; fileRef = AA3427F0142CE92F009524C6 /* second.png */; };
		AA3427F3142CE92F009524C6 /* second@2x.png in Resources */ = {isa = PBXBuildFile; fileRef = AA3427F2142CE92F009524C6 /* second@2x.png */; };
/* End PBXBuildFile section */

/* Begin PBXFileReference section */
		AA3427CD142CE92F009524C6 /* AppearancePlayground.app */ = {isa = PBXFileReference; explicitFileType = wrapper.application; includeInIndex = 0; path = AppearancePlayground.app; sourceTree = BUILT_PRODUCTS_DIR; };
		AA3427D1142CE92F009524C6 /* UIKit.framework */ = {isa = PBXFileReference; lastKnownFileType = wrapper.framework; name = UIKit.framework; path = System/Library/Frameworks/UIKit.framework; sourceTree = SDKROOT; };
		AA3427D3142CE92F009524C6 /* Foundation.framework */ = {isa = PBXFileReference; lastKnownFileType = wrapper.framework; name = Foundation.framework; path = System/Library/Frameworks/Foundation.framework; sourceTree = SDKROOT; };
		AA3427D5142CE92F009524C6 /* CoreGraphics.framework */ = {isa = PBXFileReference; lastKnownFileType = wrapper.framework; name = CoreGraphics.framework; path = System/Library/Frameworks/CoreGraphics.framework; sourceTree = SDKROOT; };
		AA3427D9142CE92F009524C6 /* AppearancePlayground-Info.plist */ = {isa = PBXFileReference; path = "AppearancePlayground-Info.plist"; sourceTree = "<group>"; };
		AA3427DB142CE92F009524C6 /* en */ = {isa = PBXFileReference; lastKnownFileType = text.plist.strings; name = en; path = en.lproj/InfoPlist.strings; sourceTree = "<group>"; };
		AA3427DD142CE92F009524C6 /* main.m */ = {isa = PBXFileReference; lastKnownFileType = sourcecode.c.objc; path = main.m; sourceTree = "<group>"; };
		AA3427DF142CE92F009524C6 /* AppearancePlayground-Prefix.pch */ = {isa = PBXFileReference; path = "AppearancePlayground-Prefix.pch"; sourceTree = "<group>"; };
		AA3427E0142CE92F009524C6 /* FTAppDelegate.h */ = {isa = PBXFileReference; path = FTAppDelegate.h; sourceTree = "<group>"; };
		AA3427E1142CE92F009524C6 /* FTAppDelegate.m */ = {isa = PBXFileReference; lastKnownFileType = sourcecode.c.objc; path = FTAppDelegate.m; sourceTree = "<group>"; };
		AA3427E4142CE92F009524C6 /* en */ = {isa = PBXFileReference; lastKnownFileType = file.storyboard; name = en; path = en.lproj/MainStoryboard.storyboard; sourceTree = "<group>"; };
		AA3427E6142CE92F009524C6 /* FTFirstViewController.h */ = {isa = PBXFileReference; path = FTFirstViewController.h; sourceTree = "<group>"; };
		AA3427E7142CE92F009524C6 /* FTFirstViewController.m */ = {isa = PBXFileReference; lastKnownFileType = sourcecode.c.objc; path = FTFirstViewController.m; sourceTree = "<group>"; };
		AA3427E9142CE92F009524C6 /* first.png */ = {isa = PBXFileReference; lastKnownFileType = image.png; path = first.png; sourceTree = "<group>"; };
		AA3427EB142CE92F009524C6 /* first@2x.png */ = {isa = PBXFileReference; lastKnownFileType = image.png; path = "first@2x.png"; sourceTree = "<group>"; };
		AA3427ED142CE92F009524C6 /* FTSecondViewController.h */ = {isa = PBXFileReference; path = FTSecondViewController.h; sourceTree = "<group>"; };
		AA3427EE142CE92F009524C6 /* FTSecondViewController.m */ = {isa = PBXFileReference; lastKnownFileType = sourcecode.c.objc; path = FTSecondViewController.m; sourceTree = "<group>"; };
		AA3427F0142CE92F009524C6 /* second.png */ = {isa = PBXFileReference; lastKnownFileType = image.png; path = second.png; sourceTree = "<group>"; };
		AA3427F2142CE92F009524C6 /* second@2x.png */ = {isa = PBXFileReference; lastKnownFileType = image.png; path = "second@2x.png"; sourceTree = "<group>"; };
/* End PBXFileReference section */

/* Begin PBXFrameworksBuildPhase section */
		AA3427CA142CE92F009524C6 /* Frameworks */ = {
			isa = PBXFrameworksBuildPhase;
			buildActionMask = 2147483647;
			files = (
				AA3427D2142CE92F009524C6 /* UIKit.framework in Frameworks */,
				AA3427D4142CE92F009524C6 /* Foundation.framework in Frameworks */,
				AA3427D6142CE92F009524C6 /* CoreGraphics.framework in Frameworks */,
			);
			runOnlyForDeploymentPostprocessing = 0;
		};
/* End PBXFrameworksBuildPhase section */

/* Begin PBXGroup section */
		AA3427C2142CE92F009524C6 = {
			isa = PBXGroup;
			children = (
				AA3427D7142CE92F009524C6 /* AppearancePlayground */,
				AA3427D0142CE92F009524C6 /* Frameworks */,
				AA3427CE142CE92F009524C6 /* Products */,
			);
			sourceTree = "<group>";
		};
		AA3427CE142CE92F009524C6 /* Products */ = {
			isa = PBXGroup;
			children = (
				AA3427CD142CE92F009524C6 /* AppearancePlayground.app */,
			);
			name = Products;
			sourceTree = "<group>";
		};
		AA3427D0142CE92F009524C6 /* Frameworks */ = {
			isa = PBXGroup;
			children = (
				AA3427D1142CE92F009524C6 /* UIKit.framework */,
				AA3427D3142CE92F009524C6 /* Foundation.framework */,
				AA3427D5142CE92F009524C6 /* CoreGraphics.framework */,
			);
			name = Frameworks;
			sourceTree = "<group>";
		};
		AA3427D7142CE92F009524C6 /* AppearancePlayground */ = {
			isa = PBXGroup;
			children = (
				AA3427E0142CE92F009524C6 /* FTAppDelegate.h */,
				AA3427E1142CE92F009524C6 /* FTAppDelegate.m */,
				AA3427E3142CE92F009524C6 /* MainStoryboard.storyboard */,
				AA3427E6142CE92F009524C6 /* FTFirstViewController.h */,
				AA3427E7142CE92F009524C6 /* FTFirstViewController.m */,
				AA3427E9142CE92F009524C6 /* first.png */,
				AA3427EB142CE92F009524C6 /* first@2x.png */,
				AA3427ED142CE92F009524C6 /* FTSecondViewController.h */,
				AA3427EE142CE92F009524C6 /* FTSecondViewController.m */,
				AA3427F0142CE92F009524C6 /* second.png */,
				AA3427F2142CE92F009524C6 /* second@2x.png */,
				AA3427D8142CE92F009524C6 /* Supporting Files */,
			);
			path = AppearancePlayground;
			sourceTree = "<group>";
		};
		AA3427D8142CE92F009524C6 /* Supporting Files */ = {
			isa = PBXGroup;
			children = (
				AA3427D9142CE92F009524C6 /* AppearancePlayground-Info.plist */,
				AA3427DA142CE92F009524C6 /* InfoPlist.strings */,
				AA3427DD142CE92F009524C6 /* main.m */,
				AA3427DF142CE92F009524C6 /* AppearancePlayground-Prefix.pch */,
			);
			name = "Supporting Files";
			sourceTree = "<group>";
		};
/* End PBXGroup section */

/* Begin PBXNativeTarget section */
		AA3427CC142CE92F009524C6 /* AppearancePlayground */ = {
			isa = PBXNativeTarget;
			buildConfigurationList = AA3427F6142CE92F009524C6 /* Build configuration list for PBXNativeTarget "AppearancePlayground" */;
			buildPhases = (
				AA3427C9142CE92F009524C6 /* Sources */,
				AA3427CA142CE92F009524C6 /* Frameworks */,
				AA3427CB142CE92F009524C6 /* Resources */,
			);
			buildRules = (
			);
			dependencies = (
			);
			name = AppearancePlayground;
			productName = AppearancePlayground;
			productReference = AA3427CD142CE92F009524C6 /* AppearancePlayground.app */;
			productType = "com.apple.product-type.application";
		};
/* End PBXNativeTarget section */

/* Begin PBXProject section */
		AA3427C4142CE92F009524C6 /* Project object */ = {
			isa = PBXProject;
			attributes = {
				LastUpgradeCheck = 0420;
				ORGANIZATIONNAME = FutureTap;
			};
			buildConfigurationList = AA3427C7142CE92F009524C6 /* Build configuration list for PBXProject "AppearancePlayground" */;
			compatibilityVersion = "Xcode 3.2";
			developmentRegion = English;
			hasScannedForEncodings = 0;
			knownRegions = (
				en,
			);
			mainGroup = AA3427C2142CE92F009524C6;
			productRefGroup = AA3427CE142CE92F009524C6 /* Products */;
			projectDirPath = "";
			projectRoot = "";
			targets = (
				AA3427CC142CE92F009524C6 /* AppearancePlayground */,
			);
		};
/* End PBXProject section */

/* Begin PBXResourcesBuildPhase section */
		AA3427CB142CE92F009524C6 /* Resources */ = {
			isa = PBXResourcesBuildPhase;
			buildActionMask = 2147483647;
			files = (
				AA3427DC142CE92F009524C6 /* InfoPlist.strings in Resources */,
				AA3427E5142CE92F009524C6 /* MainStoryboard.storyboard in Resources */,
				AA3427EA142CE92F009524C6 /* first.png in Resources */,
				AA3427EC142CE92F009524C6 /* first@2x.png in Resources */,
				AA3427F1142CE92F009524C6 /* second.png in Resources */,
				AA3427F3142CE92F009524C6 /* second@2x.png in Resources */,
			);
			runOnlyForDeploymentPostprocessing = 0;
		};
/* End PBXResourcesBuildPhase section */

/* Begin PBXSourcesBuildPhase section */
		AA3427C9142CE92F009524C6 /* Sources */ = {
			isa = PBXSourcesBuildPhase;
			buildActionMask = 2147483647;
			files = (
				AA3427DE142CE92F009524C6 /* main.m in Sources */,
				AA3427E2142CE92F009524C6 /* FTAppDelegate.m in Sources */,
				AA3427E8142CE92F009524C6 /* FTFirstViewController.m in Sources */,
				AA3427EF142CE92F009524C6 /* FTSecondViewController.m in Sources */,
			);
			runOnlyForDeploymentPostprocessing = 0;
		};
/* End PBXSourcesBuildPhase section */

/* Begin PBXVariantGroup section */
		AA3427DA142CE92F009524C6 /* InfoPlist.strings */ = {
			isa = PBXVariantGroup;
			children = (
				AA3427DB142CE92F009524C6 /* en */,
			);
			name = InfoPlist.strings;
			sourceTree = "<group>";
		};
		AA3427E3142CE92F009524C6 /* MainStoryboard.storyboard */ = {
			isa = PBXVariantGroup;
			children = (
				AA3427E4142CE92F009524C6 /* en */,
			);
			name = MainStoryboard.storyboard;
			sourceTree = "<group>";
		};
/* End PBXVariantGroup section */

/* Begin XCBuildConfiguration section */
		AA3427F4142CE92F009524C6 /* Debug */ = {
			isa = XCBuildConfiguration;
			buildSettings = {
				ALWAYS_SEARCH_USER_PATHS = NO;
				ARCHS = "$(ARCHS_STANDARD_32_BIT)";
				CLANG_ENABLE_OBJC_ARC = YES;
				"CODE_SIGN_IDENTITY[sdk=iphoneos*]" = "iPhone Developer";
				COPY_PHASE_STRIP = NO;
				GCC_C_LANGUAGE_STANDARD = gnu99;
				GCC_DYNAMIC_NO_PIC = NO;
				GCC_OPTIMIZATION_LEVEL = 0;
				GCC_PREPROCESSOR_DEFINITIONS = (
					"DEBUG=1",
					"$(inherited)",
				);
				GCC_SYMBOLS_PRIVATE_EXTERN = NO;
				GCC_VERSION = com.apple.compilers.llvm.clang.1_0;
				GCC_WARN_ABOUT_MISSING_PROTOTYPES = YES;
				GCC_WARN_ABOUT_RETURN_TYPE = YES;
				GCC_WARN_UNUSED_VARIABLE = YES;
				IPHONEOS_DEPLOYMENT_TARGET = 5.0;
				SDKROOT = iphoneos;
			};
			name = Debug;
		};
		AA3427F5142CE92F009524C6 /* Release */ = {
			isa = XCBuildConfiguration;
			buildSettings = {
				ALWAYS_SEARCH_USER_PATHS = NO;
				ARCHS = "$(ARCHS_STANDARD_32_BIT)";
				CLANG_ENABLE_OBJC_ARC = YES;
				"CODE_SIGN_IDENTITY[sdk=iphoneos*]" = "iPhone Developer";
				COPY_PHASE_STRIP = YES;
				GCC_C_LANGUAGE_STANDARD = gnu99;
				GCC_VERSION = com.apple.compilers.llvm.clang.1_0;
				GCC_WARN_ABOUT_MISSING_PROTOTYPES = YES;
				GCC_WARN_ABOUT_RETURN_TYPE = YES;
				GCC_WARN_UNUSED_VARIABLE = YES;
				IPHONEOS_DEPLOYMENT_TARGET = 5.0;
				OTHER_CFLAGS = "-DNS_BLOCK_ASSERTIONS=1";
				SDKROOT = iphoneos;
				VALIDATE_PRODUCT = YES;
			};
			name = Release;
		};
		AA3427F7142CE92F009524C6 /* Debug */ = {
			isa = XCBuildConfiguration;
			buildSettings = {
				GCC_PRECOMPILE_PREFIX_HEADER = YES;
				GCC_PREFIX_HEADER = "AppearancePlayground/AppearancePlayground-Prefix.pch";
				INFOPLIST_FILE = "AppearancePlayground/AppearancePlayground-Info.plist";
				PRODUCT_NAME = "$(TARGET_NAME)";
				WRAPPER_EXTENSION = app;
			};
			name = Debug;
		};
		AA3427F8142CE92F009524C6 /* Release */ = {
			isa = XCBuildConfiguration;
			buildSettings = {
				GCC_PRECOMPILE_PREFIX_HEADER = YES;
				GCC_PREFIX_HEADER = "AppearancePlayground/AppearancePlayground-Prefix.pch";
				INFOPLIST_FILE = "AppearancePlayground/AppearancePlayground-Info.plist";
				PRODUCT_NAME = "$(TARGET_NAME)";
				WRAPPER_EXTENSION = app;
			};
			name = Release;
		};
/* End XCBuildConfiguration section */

/* Begin XCConfigurationList section */
		AA3427C7142CE92F009524C6 /* Build configuration list for PBXProject "AppearancePlayground" */ = {
			isa = XCConfigurationList;
			buildConfigurations = (
				AA3427F4142CE92F009524C6 /* Debug */,
				AA3427F5142CE92F009524C6 /* Release */,
			);
			defaultConfigurationIsVisible = 0;
			defaultConfigurationName = Release;
		};
		AA3427F6142CE92F009524C6 /* Build configuration list for PBXNativeTarget "AppearancePlayground" */ = {
			isa = XCConfigurationList;
			buildConfigurations = (
				AA3427F7142CE92F009524C6 /* Debug */,
				AA3427F8142CE92F009524C6 /* Release */,
			);
			defaultConfigurationIsVisible = 0;
		};
/* End XCConfigurationList section */
	};
	rootObject = AA3427C4142CE92F009524C6 /* Project object */;
}
